{
  "nodes": {
    "nixpkgs": {
      "locked": {
        "lastModified": 1697598016,
        "narHash": "sha256-4ZuS6NVaSZNsIiUSwN8zFyeWUCWIf1t6ebDW2nQnfTc=",
        "owner": "NixOS",
        "repo": "nixpkgs",
        "rev": "6f18106ea5b07e0242d7156728ed0864da593e28",
        "type": "github"
      },
      "original": {
        "owner": "NixOS",
        "repo": "nixpkgs",
        "type": "github"
      }
    },
    "root": {
      "inputs": {
        "nixpkgs": "nixpkgs"
      }
    }
  },
  "root": "root",
  "version": 7
}
